
Microsoft Visual Studio Solution File, Format Version 12.00
# Visual Studio Version 17
VisualStudioVersion = 17.11.35208.52
MinimumVisualStudioVersion = 10.0.40219.1
Project("{FAE04EC0-301F-11D3-BF4B-00C04F79EFBC}") = "CodingChallengesGonzalezP3", "CodingChallengesGonzalezP3.csproj", "{C6EEEF92-1AB5-4EEF-9A2C-0EE21289AF95}"
EndProject
Global
	GlobalSection(SolutionConfigurationPlatforms) = preSolution
		Debug|Any CPU = Debug|Any CPU
		Release|Any CPU = Release|Any CPU
	EndGlobalSection
	GlobalSection(ProjectConfigurationPlatforms) = postSolution
		{C6EEEF92-1AB5-4EEF-9A2C-0EE21289AF95}.Debug|Any CPU.ActiveCfg = Debug|Any CPU
		{C6EEEF92-1AB5-4EEF-9A2C-0EE21289AF95}.Debug|Any CPU.Build.0 = Debug|Any CPU
		{C6EEEF92-1AB5-4EEF-9A2C-0EE21289AF95}.Release|Any CPU.ActiveCfg = Release|Any CPU
		{C6EEEF92-1AB5-4EEF-9A2C-0EE21289AF95}.Release|Any CPU.Build.0 = Release|Any CPU
	EndGlobalSection
	GlobalSection(SolutionProperties) = preSolution
		HideSolutionNode = FALSE
	EndGlobalSection
	GlobalSection(ExtensibilityGlobals) = postSolution
		SolutionGuid = {91B60D18-FDCA-48BF-BFC4-92973716CE3D}
	EndGlobalSection
EndGlobal
